// !$*UTF8*$!
{
	archiveVersion = 1;
	classes = {
	};
	objectVersion = 50;
	objects = {

/* Begin PBXBuildFile section */
		530E7FCD238132250078F962 /* AppDelegate.swift in Sources */ = {isa = PBXBuildFile; fileRef = 530E7FCC238132250078F962 /* AppDelegate.swift */; };
		530E7FD4238132290078F962 /* Assets.xcassets in Resources */ = {isa = PBXBuildFile; fileRef = 530E7FD3238132290078F962 /* Assets.xcassets */; };
		530E7FD7238132290078F962 /* LaunchScreen.storyboard in Resources */ = {isa = PBXBuildFile; fileRef = 530E7FD5238132290078F962 /* LaunchScreen.storyboard */; };
		530E7FE02381324B0078F962 /* LandingViewController.swift in Sources */ = {isa = PBXBuildFile; fileRef = 530E7FDE2381324B0078F962 /* LandingViewController.swift */; };
		530E7FE12381324B0078F962 /* LandingViewController.xib in Resources */ = {isa = PBXBuildFile; fileRef = 530E7FDF2381324B0078F962 /* LandingViewController.xib */; };
		53231D9123813C8A0080345C /* Mapping.swift in Sources */ = {isa = PBXBuildFile; fileRef = 53231D9023813C8A0080345C /* Mapping.swift */; };
		53231D9423813CC80080345C /* Date.swift in Sources */ = {isa = PBXBuildFile; fileRef = 53231D9323813CC80080345C /* Date.swift */; };
		53231D9623813DD30080345C /* BaseViewController.swift in Sources */ = {isa = PBXBuildFile; fileRef = 53231D9523813DD30080345C /* BaseViewController.swift */; };
		53231D9923813F440080345C /* WebService.swift in Sources */ = {isa = PBXBuildFile; fileRef = 53231D9823813F440080345C /* WebService.swift */; };
		53231D9B23814FE00080345C /* FileService.swift in Sources */ = {isa = PBXBuildFile; fileRef = 53231D9A23814FE00080345C /* FileService.swift */; };
		53231D9D238161250080345C /* MappingService.swift in Sources */ = {isa = PBXBuildFile; fileRef = 53231D9C238161250080345C /* MappingService.swift */; };
		5370840D2384615D005C1CFB /* RegistrationViewController.swift in Sources */ = {isa = PBXBuildFile; fileRef = 5370840B2384615D005C1CFB /* RegistrationViewController.swift */; };
		5370840E2384615D005C1CFB /* RegistrationViewController.xib in Resources */ = {isa = PBXBuildFile; fileRef = 5370840C2384615D005C1CFB /* RegistrationViewController.xib */; };
		5370841123858ACF005C1CFB /* CameraViewController.swift in Sources */ = {isa = PBXBuildFile; fileRef = 5370840F23858ACF005C1CFB /* CameraViewController.swift */; };
		5370841223858ACF005C1CFB /* CameraViewController.xib in Resources */ = {isa = PBXBuildFile; fileRef = 5370841023858ACF005C1CFB /* CameraViewController.xib */; };
		53FFC69123842854005FE12B /* ARState.swift in Sources */ = {isa = PBXBuildFile; fileRef = 53FFC69023842854005FE12B /* ARState.swift */; };
/* End PBXBuildFile section */

/* Begin PBXFileReference section */
		530E7FC9238132250078F962 /* coupon.app */ = {isa = PBXFileReference; explicitFileType = wrapper.application; includeInIndex = 0; path = coupon.app; sourceTree = BUILT_PRODUCTS_DIR; };
		530E7FCC238132250078F962 /* AppDelegate.swift */ = {isa = PBXFileReference; lastKnownFileType = sourcecode.swift; path = AppDelegate.swift; sourceTree = "<group>"; };
		530E7FD3238132290078F962 /* Assets.xcassets */ = {isa = PBXFileReference; lastKnownFileType = folder.assetcatalog; path = Assets.xcassets; sourceTree = "<group>"; };
		530E7FD6238132290078F962 /* Base */ = {isa = PBXFileReference; lastKnownFileType = file.storyboard; name = Base; path = Base.lproj/LaunchScreen.storyboard; sourceTree = "<group>"; };
		530E7FD8238132290078F962 /* Info.plist */ = {isa = PBXFileReference; lastKnownFileType = text.plist.xml; path = Info.plist; sourceTree = "<group>"; };
		530E7FDE2381324B0078F962 /* LandingViewController.swift */ = {isa = PBXFileReference; lastKnownFileType = sourcecode.swift; path = LandingViewController.swift; sourceTree = "<group>"; };
		530E7FDF2381324B0078F962 /* LandingViewController.xib */ = {isa = PBXFileReference; lastKnownFileType = file.xib; path = LandingViewController.xib; sourceTree = "<group>"; };
		53231D9023813C8A0080345C /* Mapping.swift */ = {isa = PBXFileReference; lastKnownFileType = sourcecode.swift; path = Mapping.swift; sourceTree = "<group>"; };
		53231D9323813CC80080345C /* Date.swift */ = {isa = PBXFileReference; lastKnownFileType = sourcecode.swift; path = Date.swift; sourceTree = "<group>"; };
		53231D9523813DD30080345C /* BaseViewController.swift */ = {isa = PBXFileReference; lastKnownFileType = sourcecode.swift; path = BaseViewController.swift; sourceTree = "<group>"; };
		53231D9823813F440080345C /* WebService.swift */ = {isa = PBXFileReference; lastKnownFileType = sourcecode.swift; path = WebService.swift; sourceTree = "<group>"; };
		53231D9A23814FE00080345C /* FileService.swift */ = {isa = PBXFileReference; lastKnownFileType = sourcecode.swift; path = FileService.swift; sourceTree = "<group>"; };
		53231D9C238161250080345C /* MappingService.swift */ = {isa = PBXFileReference; lastKnownFileType = sourcecode.swift; path = MappingService.swift; sourceTree = "<group>"; };
		5370840B2384615D005C1CFB /* RegistrationViewController.swift */ = {isa = PBXFileReference; lastKnownFileType = sourcecode.swift; path = RegistrationViewController.swift; sourceTree = "<group>"; };
		5370840C2384615D005C1CFB /* RegistrationViewController.xib */ = {isa = PBXFileReference; lastKnownFileType = file.xib; path = RegistrationViewController.xib; sourceTree = "<group>"; };
		5370840F23858ACF005C1CFB /* CameraViewController.swift */ = {isa = PBXFileReference; lastKnownFileType = sourcecode.swift; path = CameraViewController.swift; sourceTree = "<group>"; };
		5370841023858ACF005C1CFB /* CameraViewController.xib */ = {isa = PBXFileReference; lastKnownFileType = file.xib; path = CameraViewController.xib; sourceTree = "<group>"; };
		53FFC69023842854005FE12B /* ARState.swift */ = {isa = PBXFileReference; lastKnownFileType = sourcecode.swift; path = ARState.swift; sourceTree = "<group>"; };
/* End PBXFileReference section */

/* Begin PBXFrameworksBuildPhase section */
		530E7FC6238132250078F962 /* Frameworks */ = {
			isa = PBXFrameworksBuildPhase;
			buildActionMask = 2147483647;
			files = (
			);
			runOnlyForDeploymentPostprocessing = 0;
		};
/* End PBXFrameworksBuildPhase section */

/* Begin PBXGroup section */
		530E7FC0238132240078F962 = {
			isa = PBXGroup;
			children = (
				530E7FCB238132250078F962 /* coupon */,
				530E7FCA238132250078F962 /* Products */,
			);
			sourceTree = "<group>";
		};
		530E7FCA238132250078F962 /* Products */ = {
			isa = PBXGroup;
			children = (
				530E7FC9238132250078F962 /* coupon.app */,
			);
			name = Products;
			sourceTree = "<group>";
		};
		530E7FCB238132250078F962 /* coupon */ = {
			isa = PBXGroup;
			children = (
				53231D9723813F300080345C /* services */,
				53231D9223813CB80080345C /* extensions */,
				530E7FE423813BFF0078F962 /* models */,
				530E7FE323813BEB0078F962 /* controllers */,
				530E7FCC238132250078F962 /* AppDelegate.swift */,
				530E7FD3238132290078F962 /* Assets.xcassets */,
				530E7FD5238132290078F962 /* LaunchScreen.storyboard */,
				530E7FD8238132290078F962 /* Info.plist */,
				53231D9523813DD30080345C /* BaseViewController.swift */,
			);
			path = coupon;
			sourceTree = "<group>";
		};
		530E7FE323813BEB0078F962 /* controllers */ = {
			isa = PBXGroup;
			children = (
				530E7FDE2381324B0078F962 /* LandingViewController.swift */,
				530E7FDF2381324B0078F962 /* LandingViewController.xib */,
				5370840B2384615D005C1CFB /* RegistrationViewController.swift */,
				5370840C2384615D005C1CFB /* RegistrationViewController.xib */,
				5370840F23858ACF005C1CFB /* CameraViewController.swift */,
				5370841023858ACF005C1CFB /* CameraViewController.xib */,
			);
			path = controllers;
			sourceTree = "<group>";
		};
		530E7FE423813BFF0078F962 /* models */ = {
			isa = PBXGroup;
			children = (
				53231D9023813C8A0080345C /* Mapping.swift */,
				53FFC69023842854005FE12B /* ARState.swift */,
			);
			path = models;
			sourceTree = "<group>";
		};
		53231D9223813CB80080345C /* extensions */ = {
			isa = PBXGroup;
			children = (
				53231D9323813CC80080345C /* Date.swift */,
			);
			path = extensions;
			sourceTree = "<group>";
		};
		53231D9723813F300080345C /* services */ = {
			isa = PBXGroup;
			children = (
				53231D9823813F440080345C /* WebService.swift */,
				53231D9A23814FE00080345C /* FileService.swift */,
				53231D9C238161250080345C /* MappingService.swift */,
			);
			path = services;
			sourceTree = "<group>";
		};
/* End PBXGroup section */

/* Begin PBXNativeTarget section */
		530E7FC8238132250078F962 /* coupon */ = {
			isa = PBXNativeTarget;
			buildConfigurationList = 530E7FDB238132290078F962 /* Build configuration list for PBXNativeTarget "coupon" */;
			buildPhases = (
				530E7FC5238132250078F962 /* Sources */,
				530E7FC6238132250078F962 /* Frameworks */,
				530E7FC7238132250078F962 /* Resources */,
			);
			buildRules = (
			);
			dependencies = (
			);
			name = coupon;
			productName = coupon;
			productReference = 530E7FC9238132250078F962 /* coupon.app */;
			productType = "com.apple.product-type.application";
		};
/* End PBXNativeTarget section */

/* Begin PBXProject section */
		530E7FC1238132240078F962 /* Project object */ = {
			isa = PBXProject;
			attributes = {
				LastSwiftUpdateCheck = 1030;
				LastUpgradeCheck = 1030;
				ORGANIZATIONNAME = IBM;
				TargetAttributes = {
					530E7FC8238132250078F962 = {
						CreatedOnToolsVersion = 10.3;
					};
				};
			};
			buildConfigurationList = 530E7FC4238132240078F962 /* Build configuration list for PBXProject "coupon" */;
			compatibilityVersion = "Xcode 9.3";
			developmentRegion = en;
			hasScannedForEncodings = 0;
			knownRegions = (
				en,
				Base,
			);
			mainGroup = 530E7FC0238132240078F962;
			productRefGroup = 530E7FCA238132250078F962 /* Products */;
			projectDirPath = "";
			projectRoot = "";
			targets = (
				530E7FC8238132250078F962 /* coupon */,
			);
		};
/* End PBXProject section */

/* Begin PBXResourcesBuildPhase section */
		530E7FC7238132250078F962 /* Resources */ = {
			isa = PBXResourcesBuildPhase;
			buildActionMask = 2147483647;
			files = (
				530E7FD7238132290078F962 /* LaunchScreen.storyboard in Resources */,
				5370840E2384615D005C1CFB /* RegistrationViewController.xib in Resources */,
				530E7FD4238132290078F962 /* Assets.xcassets in Resources */,
				530E7FE12381324B0078F962 /* LandingViewController.xib in Resources */,
				5370841223858ACF005C1CFB /* CameraViewController.xib in Resources */,
			);
			runOnlyForDeploymentPostprocessing = 0;
		};
/* End PBXResourcesBuildPhase section */

/* Begin PBXSourcesBuildPhase section */
		530E7FC5238132250078F962 /* Sources */ = {
			isa = PBXSourcesBuildPhase;
			buildActionMask = 2147483647;
			files = (
				5370841123858ACF005C1CFB /* CameraViewController.swift in Sources */,
				53231D9923813F440080345C /* WebService.swift in Sources */,
				53231D9B23814FE00080345C /* FileService.swift in Sources */,
				53231D9623813DD30080345C /* BaseViewController.swift in Sources */,
				53231D9123813C8A0080345C /* Mapping.swift in Sources */,
				5370840D2384615D005C1CFB /* RegistrationViewController.swift in Sources */,
				53231D9D238161250080345C /* MappingService.swift in Sources */,
				530E7FE02381324B0078F962 /* LandingViewController.swift in Sources */,
				530E7FCD238132250078F962 /* AppDelegate.swift in Sources */,
				53231D9423813CC80080345C /* Date.swift in Sources */,
				53FFC69123842854005FE12B /* ARState.swift in Sources */,
			);
			runOnlyForDeploymentPostprocessing = 0;
		};
/* End PBXSourcesBuildPhase section */

/* Begin PBXVariantGroup section */
		530E7FD5238132290078F962 /* LaunchScreen.storyboard */ = {
			isa = PBXVariantGroup;
			children = (
				530E7FD6238132290078F962 /* Base */,
			);
			name = LaunchScreen.storyboard;
			sourceTree = "<group>";
		};
/* End PBXVariantGroup section */

/* Begin XCBuildConfiguration section */
		530E7FD9238132290078F962 /* Debug */ = {
			isa = XCBuildConfiguration;
			buildSettings = {
				ALWAYS_SEARCH_USER_PATHS = NO;
				CLANG_ANALYZER_NONNULL = YES;
				CLANG_ANALYZER_NUMBER_OBJECT_CONVERSION = YES_AGGRESSIVE;
				CLANG_CXX_LANGUAGE_STANDARD = "gnu++14";
				CLANG_CXX_LIBRARY = "libc++";
				CLANG_ENABLE_MODULES = YES;
				CLANG_ENABLE_OBJC_ARC = YES;
				CLANG_ENABLE_OBJC_WEAK = YES;
				CLANG_WARN_BLOCK_CAPTURE_AUTORELEASING = YES;
				CLANG_WARN_BOOL_CONVERSION = YES;
				CLANG_WARN_COMMA = YES;
				CLANG_WARN_CONSTANT_CONVERSION = YES;
				CLANG_WARN_DEPRECATED_OBJC_IMPLEMENTATIONS = YES;
				CLANG_WARN_DIRECT_OBJC_ISA_USAGE = YES_ERROR;
				CLANG_WARN_DOCUMENTATION_COMMENTS = YES;
				CLANG_WARN_EMPTY_BODY = YES;
				CLANG_WARN_ENUM_CONVERSION = YES;
				CLANG_WARN_INFINITE_RECURSION = YES;
				CLANG_WARN_INT_CONVERSION = YES;
				CLANG_WARN_NON_LITERAL_NULL_CONVERSION = YES;
				CLANG_WARN_OBJC_IMPLICIT_RETAIN_SELF = YES;
				CLANG_WARN_OBJC_LITERAL_CONVERSION = YES;
				CLANG_WARN_OBJC_ROOT_CLASS = YES_ERROR;
				CLANG_WARN_RANGE_LOOP_ANALYSIS = YES;
				CLANG_WARN_STRICT_PROTOTYPES = YES;
				CLANG_WARN_SUSPICIOUS_MOVE = YES;
				CLANG_WARN_UNGUARDED_AVAILABILITY = YES_AGGRESSIVE;
				CLANG_WARN_UNREACHABLE_CODE = YES;
				CLANG_WARN__DUPLICATE_METHOD_MATCH = YES;
				CODE_SIGN_IDENTITY = "iPhone Developer";
				COPY_PHASE_STRIP = NO;
				DEBUG_INFORMATION_FORMAT = dwarf;
				ENABLE_STRICT_OBJC_MSGSEND = YES;
				ENABLE_TESTABILITY = YES;
				GCC_C_LANGUAGE_STANDARD = gnu11;
				GCC_DYNAMIC_NO_PIC = NO;
				GCC_NO_COMMON_BLOCKS = YES;
				GCC_OPTIMIZATION_LEVEL = 0;
				GCC_PREPROCESSOR_DEFINITIONS = (
					"DEBUG=1",
					"$(inherited)",
				);
				GCC_WARN_64_TO_32_BIT_CONVERSION = YES;
				GCC_WARN_ABOUT_RETURN_TYPE = YES_ERROR;
				GCC_WARN_UNDECLARED_SELECTOR = YES;
				GCC_WARN_UNINITIALIZED_AUTOS = YES_AGGRESSIVE;
				GCC_WARN_UNUSED_FUNCTION = YES;
				GCC_WARN_UNUSED_VARIABLE = YES;
				IPHONEOS_DEPLOYMENT_TARGET = 12.4;
				MTL_ENABLE_DEBUG_INFO = INCLUDE_SOURCE;
				MTL_FAST_MATH = YES;
				ONLY_ACTIVE_ARCH = YES;
				SDKROOT = iphoneos;
				SWIFT_ACTIVE_COMPILATION_CONDITIONS = DEBUG;
				SWIFT_OPTIMIZATION_LEVEL = "-Onone";
			};
			name = Debug;
		};
		530E7FDA238132290078F962 /* Release */ = {
			isa = XCBuildConfiguration;
			buildSettings = {
				ALWAYS_SEARCH_USER_PATHS = NO;
				CLANG_ANALYZER_NONNULL = YES;
				CLANG_ANALYZER_NUMBER_OBJECT_CONVERSION = YES_AGGRESSIVE;
				CLANG_CXX_LANGUAGE_STANDARD = "gnu++14";
				CLANG_CXX_LIBRARY = "libc++";
				CLANG_ENABLE_MODULES = YES;
				CLANG_ENABLE_OBJC_ARC = YES;
				CLANG_ENABLE_OBJC_WEAK = YES;
				CLANG_WARN_BLOCK_CAPTURE_AUTORELEASING = YES;
				CLANG_WARN_BOOL_CONVERSION = YES;
				CLANG_WARN_COMMA = YES;
				CLANG_WARN_CONSTANT_CONVERSION = YES;
				CLANG_WARN_DEPRECATED_OBJC_IMPLEMENTATIONS = YES;
				CLANG_WARN_DIRECT_OBJC_ISA_USAGE = YES_ERROR;
				CLANG_WARN_DOCUMENTATION_COMMENTS = YES;
				CLANG_WARN_EMPTY_BODY = YES;
				CLANG_WARN_ENUM_CONVERSION = YES;
				CLANG_WARN_INFINITE_RECURSION = YES;
				CLANG_WARN_INT_CONVERSION = YES;
				CLANG_WARN_NON_LITERAL_NULL_CONVERSION = YES;
				CLANG_WARN_OBJC_IMPLICIT_RETAIN_SELF = YES;
				CLANG_WARN_OBJC_LITERAL_CONVERSION = YES;
				CLANG_WARN_OBJC_ROOT_CLASS = YES_ERROR;
				CLANG_WARN_RANGE_LOOP_ANALYSIS = YES;
				CLANG_WARN_STRICT_PROTOTYPES = YES;
				CLANG_WARN_SUSPICIOUS_MOVE = YES;
				CLANG_WARN_UNGUARDED_AVAILABILITY = YES_AGGRESSIVE;
				CLANG_WARN_UNREACHABLE_CODE = YES;
				CLANG_WARN__DUPLICATE_METHOD_MATCH = YES;
				CODE_SIGN_IDENTITY = "iPhone Developer";
				COPY_PHASE_STRIP = NO;
				DEBUG_INFORMATION_FORMAT = "dwarf-with-dsym";
				ENABLE_NS_ASSERTIONS = NO;
				ENABLE_STRICT_OBJC_MSGSEND = YES;
				GCC_C_LANGUAGE_STANDARD = gnu11;
				GCC_NO_COMMON_BLOCKS = YES;
				GCC_WARN_64_TO_32_BIT_CONVERSION = YES;
				GCC_WARN_ABOUT_RETURN_TYPE = YES_ERROR;
				GCC_WARN_UNDECLARED_SELECTOR = YES;
				GCC_WARN_UNINITIALIZED_AUTOS = YES_AGGRESSIVE;
				GCC_WARN_UNUSED_FUNCTION = YES;
				GCC_WARN_UNUSED_VARIABLE = YES;
				IPHONEOS_DEPLOYMENT_TARGET = 12.4;
				MTL_ENABLE_DEBUG_INFO = NO;
				MTL_FAST_MATH = YES;
				SDKROOT = iphoneos;
				SWIFT_COMPILATION_MODE = wholemodule;
				SWIFT_OPTIMIZATION_LEVEL = "-O";
				VALIDATE_PRODUCT = YES;
			};
			name = Release;
		};
		530E7FDC238132290078F962 /* Debug */ = {
			isa = XCBuildConfiguration;
			buildSettings = {
				ASSETCATALOG_COMPILER_APPICON_NAME = AppIcon;
				CODE_SIGN_STYLE = Automatic;
				DEVELOPMENT_TEAM = 4XSDB6RRGD;
				INFOPLIST_FILE = coupon/Info.plist;
				IPHONEOS_DEPLOYMENT_TARGET = 12.0;
				LD_RUNPATH_SEARCH_PATHS = (
					"$(inherited)",
					"@executable_path/Frameworks",
				);
				PRODUCT_BUNDLE_IDENTIFIER = com.ibm.coupon;
				PRODUCT_NAME = "$(TARGET_NAME)";
				SWIFT_VERSION = 5.0;
				TARGETED_DEVICE_FAMILY = "1,2";
			};
			name = Debug;
		};
		530E7FDD238132290078F962 /* Release */ = {
			isa = XCBuildConfiguration;
			buildSettings = {
				ASSETCATALOG_COMPILER_APPICON_NAME = AppIcon;
				CODE_SIGN_STYLE = Automatic;
				DEVELOPMENT_TEAM = 4XSDB6RRGD;
				INFOPLIST_FILE = coupon/Info.plist;
				IPHONEOS_DEPLOYMENT_TARGET = 12.0;
				LD_RUNPATH_SEARCH_PATHS = (
					"$(inherited)",
					"@executable_path/Frameworks",
				);
				PRODUCT_BUNDLE_IDENTIFIER = com.ibm.coupon;
				PRODUCT_NAME = "$(TARGET_NAME)";
				SWIFT_VERSION = 5.0;
				TARGETED_DEVICE_FAMILY = "1,2";
			};
			name = Release;
		};
/* End XCBuildConfiguration section */

/* Begin XCConfigurationList section */
		530E7FC4238132240078F962 /* Build configuration list for PBXProject "coupon" */ = {
			isa = XCConfigurationList;
			buildConfigurations = (
				530E7FD9238132290078F962 /* Debug */,
				530E7FDA238132290078F962 /* Release */,
			);
			defaultConfigurationIsVisible = 0;
			defaultConfigurationName = Release;
		};
		530E7FDB238132290078F962 /* Build configuration list for PBXNativeTarget "coupon" */ = {
			isa = XCConfigurationList;
			buildConfigurations = (
				530E7FDC238132290078F962 /* Debug */,
				530E7FDD238132290078F962 /* Release */,
			);
			defaultConfigurationIsVisible = 0;
			defaultConfigurationName = Release;
		};
/* End XCConfigurationList section */
	};
	rootObject = 530E7FC1238132240078F962 /* Project object */;
}
